// !$*UTF8*$!
{
	archiveVersion = 1;
	classes = {
	};
	objectVersion = 55;
	objects = {

/* Begin PBXBuildFile section */
		87A6A7C7288DD5FA00567312 /* AppDelegate.swift in Sources */ = {isa = PBXBuildFile; fileRef = 87A6A7C6288DD5FA00567312 /* AppDelegate.swift */; };
		87A6A7C9288DD5FA00567312 /* SceneDelegate.swift in Sources */ = {isa = PBXBuildFile; fileRef = 87A6A7C8288DD5FA00567312 /* SceneDelegate.swift */; };
		87A6A7CB288DD5FA00567312 /* ViewController.swift in Sources */ = {isa = PBXBuildFile; fileRef = 87A6A7CA288DD5FA00567312 /* ViewController.swift */; };
		87A6A7CE288DD5FA00567312 /* Main.storyboard in Resources */ = {isa = PBXBuildFile; fileRef = 87A6A7CC288DD5FA00567312 /* Main.storyboard */; };
		87A6A7D0288DD5FB00567312 /* Assets.xcassets in Resources */ = {isa = PBXBuildFile; fileRef = 87A6A7CF288DD5FB00567312 /* Assets.xcassets */; };
		87A6A7D3288DD5FB00567312 /* LaunchScreen.storyboard in Resources */ = {isa = PBXBuildFile; fileRef = 87A6A7D1288DD5FB00567312 /* LaunchScreen.storyboard */; };
		87A6A7DE288DD5FB00567312 /* preworkTests.swift in Sources */ = {isa = PBXBuildFile; fileRef = 87A6A7DD288DD5FB00567312 /* preworkTests.swift */; };
		87A6A7E8288DD5FB00567312 /* preworkUITests.swift in Sources */ = {isa = PBXBuildFile; fileRef = 87A6A7E7288DD5FB00567312 /* preworkUITests.swift */; };
		87A6A7EA288DD5FB00567312 /* preworkUITestsLaunchTests.swift in Sources */ = {isa = PBXBuildFile; fileRef = 87A6A7E9288DD5FB00567312 /* preworkUITestsLaunchTests.swift */; };
		87BE3687288DE7C20083B40A /* SettingsViewController.swift in Sources */ = {isa = PBXBuildFile; fileRef = 87BE3686288DE7C20083B40A /* SettingsViewController.swift */; };
/* End PBXBuildFile section */

/* Begin PBXContainerItemProxy section */
		87A6A7DA288DD5FB00567312 /* PBXContainerItemProxy */ = {
			isa = PBXContainerItemProxy;
			containerPortal = 87A6A7BB288DD5FA00567312 /* Project object */;
			proxyType = 1;
			remoteGlobalIDString = 87A6A7C2288DD5FA00567312;
			remoteInfo = prework;
		};
		87A6A7E4288DD5FB00567312 /* PBXContainerItemProxy */ = {
			isa = PBXContainerItemProxy;
			containerPortal = 87A6A7BB288DD5FA00567312 /* Project object */;
			proxyType = 1;
			remoteGlobalIDString = 87A6A7C2288DD5FA00567312;
			remoteInfo = prework;
		};
/* End PBXContainerItemProxy section */

/* Begin PBXFileReference section */
		87A6A7C3288DD5FA00567312 /* prework.app */ = {isa = PBXFileReference; explicitFileType = wrapper.application; includeInIndex = 0; path = prework.app; sourceTree = BUILT_PRODUCTS_DIR; };
		87A6A7C6288DD5FA00567312 /* AppDelegate.swift */ = {isa = PBXFileReference; lastKnownFileType = sourcecode.swift; path = AppDelegate.swift; sourceTree = "<group>"; };
		87A6A7C8288DD5FA00567312 /* SceneDelegate.swift */ = {isa = PBXFileReference; lastKnownFileType = sourcecode.swift; path = SceneDelegate.swift; sourceTree = "<group>"; };
		87A6A7CA288DD5FA00567312 /* ViewController.swift */ = {isa = PBXFileReference; lastKnownFileType = sourcecode.swift; path = ViewController.swift; sourceTree = "<group>"; };
		87A6A7CD288DD5FA00567312 /* Base */ = {isa = PBXFileReference; lastKnownFileType = file.storyboard; name = Base; path = Base.lproj/Main.storyboard; sourceTree = "<group>"; };
		87A6A7CF288DD5FB00567312 /* Assets.xcassets */ = {isa = PBXFileReference; lastKnownFileType = folder.assetcatalog; path = Assets.xcassets; sourceTree = "<group>"; };
		87A6A7D2288DD5FB00567312 /* Base */ = {isa = PBXFileReference; lastKnownFileType = file.storyboard; name = Base; path = Base.lproj/LaunchScreen.storyboard; sourceTree = "<group>"; };
		87A6A7D4288DD5FB00567312 /* Info.plist */ = {isa = PBXFileReference; lastKnownFileType = text.plist.xml; path = Info.plist; sourceTree = "<group>"; };
		87A6A7D9288DD5FB00567312 /* preworkTests.xctest */ = {isa = PBXFileReference; explicitFileType = wrapper.cfbundle; includeInIndex = 0; path = preworkTests.xctest; sourceTree = BUILT_PRODUCTS_DIR; };
		87A6A7DD288DD5FB00567312 /* preworkTests.swift */ = {isa = PBXFileReference; lastKnownFileType = sourcecode.swift; path = preworkTests.swift; sourceTree = "<group>"; };
		87A6A7E3288DD5FB00567312 /* preworkUITests.xctest */ = {isa = PBXFileReference; explicitFileType = wrapper.cfbundle; includeInIndex = 0; path = preworkUITests.xctest; sourceTree = BUILT_PRODUCTS_DIR; };
		87A6A7E7288DD5FB00567312 /* preworkUITests.swift */ = {isa = PBXFileReference; lastKnownFileType = sourcecode.swift; path = preworkUITests.swift; sourceTree = "<group>"; };
		87A6A7E9288DD5FB00567312 /* preworkUITestsLaunchTests.swift */ = {isa = PBXFileReference; lastKnownFileType = sourcecode.swift; path = preworkUITestsLaunchTests.swift; sourceTree = "<group>"; };
		87BE3686288DE7C20083B40A /* SettingsViewController.swift */ = {isa = PBXFileReference; lastKnownFileType = sourcecode.swift; path = SettingsViewController.swift; sourceTree = "<group>"; };
/* End PBXFileReference section */

/* Begin PBXFrameworksBuildPhase section */
		87A6A7C0288DD5FA00567312 /* Frameworks */ = {
			isa = PBXFrameworksBuildPhase;
			buildActionMask = 2147483647;
			files = (
			);
			runOnlyForDeploymentPostprocessing = 0;
		};
		87A6A7D6288DD5FB00567312 /* Frameworks */ = {
			isa = PBXFrameworksBuildPhase;
			buildActionMask = 2147483647;
			files = (
			);
			runOnlyForDeploymentPostprocessing = 0;
		};
		87A6A7E0288DD5FB00567312 /* Frameworks */ = {
			isa = PBXFrameworksBuildPhase;
			buildActionMask = 2147483647;
			files = (
			);
			runOnlyForDeploymentPostprocessing = 0;
		};
/* End PBXFrameworksBuildPhase section */

/* Begin PBXGroup section */
		87A6A7BA288DD5FA00567312 = {
			isa = PBXGroup;
			children = (
				87A6A7C5288DD5FA00567312 /* prework */,
				87A6A7DC288DD5FB00567312 /* preworkTests */,
				87A6A7E6288DD5FB00567312 /* preworkUITests */,
				87A6A7C4288DD5FA00567312 /* Products */,
			);
			sourceTree = "<group>";
		};
		87A6A7C4288DD5FA00567312 /* Products */ = {
			isa = PBXGroup;
			children = (
				87A6A7C3288DD5FA00567312 /* prework.app */,
				87A6A7D9288DD5FB00567312 /* preworkTests.xctest */,
				87A6A7E3288DD5FB00567312 /* preworkUITests.xctest */,
			);
			name = Products;
			sourceTree = "<group>";
		};
		87A6A7C5288DD5FA00567312 /* prework */ = {
			isa = PBXGroup;
			children = (
				87A6A7C6288DD5FA00567312 /* AppDelegate.swift */,
				87A6A7C8288DD5FA00567312 /* SceneDelegate.swift */,
				87A6A7CA288DD5FA00567312 /* ViewController.swift */,
				87A6A7CC288DD5FA00567312 /* Main.storyboard */,
				87BE3686288DE7C20083B40A /* SettingsViewController.swift */,
				87A6A7CF288DD5FB00567312 /* Assets.xcassets */,
				87A6A7D1288DD5FB00567312 /* LaunchScreen.storyboard */,
				87A6A7D4288DD5FB00567312 /* Info.plist */,
			);
			path = prework;
			sourceTree = "<group>";
		};
		87A6A7DC288DD5FB00567312 /* preworkTests */ = {
			isa = PBXGroup;
			children = (
				87A6A7DD288DD5FB00567312 /* preworkTests.swift */,
			);
			path = preworkTests;
			sourceTree = "<group>";
		};
		87A6A7E6288DD5FB00567312 /* preworkUITests */ = {
			isa = PBXGroup;
			children = (
				87A6A7E7288DD5FB00567312 /* preworkUITests.swift */,
				87A6A7E9288DD5FB00567312 /* preworkUITestsLaunchTests.swift */,
			);
			path = preworkUITests;
			sourceTree = "<group>";
		};
/* End PBXGroup section */

/* Begin PBXNativeTarget section */
		87A6A7C2288DD5FA00567312 /* prework */ = {
			isa = PBXNativeTarget;
			buildConfigurationList = 87A6A7ED288DD5FB00567312 /* Build configuration list for PBXNativeTarget "prework" */;
			buildPhases = (
				87A6A7BF288DD5FA00567312 /* Sources */,
				87A6A7C0288DD5FA00567312 /* Frameworks */,
				87A6A7C1288DD5FA00567312 /* Resources */,
			);
			buildRules = (
			);
			dependencies = (
			);
			name = prework;
			productName = prework;
			productReference = 87A6A7C3288DD5FA00567312 /* prework.app */;
			productType = "com.apple.product-type.application";
		};
		87A6A7D8288DD5FB00567312 /* preworkTests */ = {
			isa = PBXNativeTarget;
			buildConfigurationList = 87A6A7F0288DD5FB00567312 /* Build configuration list for PBXNativeTarget "preworkTests" */;
			buildPhases = (
				87A6A7D5288DD5FB00567312 /* Sources */,
				87A6A7D6288DD5FB00567312 /* Frameworks */,
				87A6A7D7288DD5FB00567312 /* Resources */,
			);
			buildRules = (
			);
			dependencies = (
				87A6A7DB288DD5FB00567312 /* PBXTargetDependency */,
			);
			name = preworkTests;
			productName = preworkTests;
			productReference = 87A6A7D9288DD5FB00567312 /* preworkTests.xctest */;
			productType = "com.apple.product-type.bundle.unit-test";
		};
		87A6A7E2288DD5FB00567312 /* preworkUITests */ = {
			isa = PBXNativeTarget;
			buildConfigurationList = 87A6A7F3288DD5FB00567312 /* Build configuration list for PBXNativeTarget "preworkUITests" */;
			buildPhases = (
				87A6A7DF288DD5FB00567312 /* Sources */,
				87A6A7E0288DD5FB00567312 /* Frameworks */,
				87A6A7E1288DD5FB00567312 /* Resources */,
			);
			buildRules = (
			);
			dependencies = (
				87A6A7E5288DD5FB00567312 /* PBXTargetDependency */,
			);
			name = preworkUITests;
			productName = preworkUITests;
			productReference = 87A6A7E3288DD5FB00567312 /* preworkUITests.xctest */;
			productType = "com.apple.product-type.bundle.ui-testing";
		};
/* End PBXNativeTarget section */

/* Begin PBXProject section */
		87A6A7BB288DD5FA00567312 /* Project object */ = {
			isa = PBXProject;
			attributes = {
				BuildIndependentTargetsInParallel = 1;
				LastSwiftUpdateCheck = 1340;
				LastUpgradeCheck = 1340;
				TargetAttributes = {
					87A6A7C2288DD5FA00567312 = {
						CreatedOnToolsVersion = 13.4.1;
					};
					87A6A7D8288DD5FB00567312 = {
						CreatedOnToolsVersion = 13.4.1;
						TestTargetID = 87A6A7C2288DD5FA00567312;
					};
					87A6A7E2288DD5FB00567312 = {
						CreatedOnToolsVersion = 13.4.1;
						TestTargetID = 87A6A7C2288DD5FA00567312;
					};
				};
			};
			buildConfigurationList = 87A6A7BE288DD5FA00567312 /* Build configuration list for PBXProject "prework" */;
			compatibilityVersion = "Xcode 13.0";
			developmentRegion = en;
			hasScannedForEncodings = 0;
			knownRegions = (
				en,
				Base,
			);
			mainGroup = 87A6A7BA288DD5FA00567312;
			productRefGroup = 87A6A7C4288DD5FA00567312 /* Products */;
			projectDirPath = "";
			projectRoot = "";
			targets = (
				87A6A7C2288DD5FA00567312 /* prework */,
				87A6A7D8288DD5FB00567312 /* preworkTests */,
				87A6A7E2288DD5FB00567312 /* preworkUITests */,
			);
		};
/* End PBXProject section */

/* Begin PBXResourcesBuildPhase section */
		87A6A7C1288DD5FA00567312 /* Resources */ = {
			isa = PBXResourcesBuildPhase;
			buildActionMask = 2147483647;
			files = (
				87A6A7D3288DD5FB00567312 /* LaunchScreen.storyboard in Resources */,
				87A6A7D0288DD5FB00567312 /* Assets.xcassets in Resources */,
				87A6A7CE288DD5FA00567312 /* Main.storyboard in Resources */,
			);
			runOnlyForDeploymentPostprocessing = 0;
		};
		87A6A7D7288DD5FB00567312 /* Resources */ = {
			isa = PBXResourcesBuildPhase;
			buildActionMask = 2147483647;
			files = (
			);
			runOnlyForDeploymentPostprocessing = 0;
		};
		87A6A7E1288DD5FB00567312 /* Resources */ = {
			isa = PBXResourcesBuildPhase;
			buildActionMask = 2147483647;
			files = (
			);
			runOnlyForDeploymentPostprocessing = 0;
		};
/* End PBXResourcesBuildPhase section */

/* Begin PBXSourcesBuildPhase section */
		87A6A7BF288DD5FA00567312 /* Sources */ = {
			isa = PBXSourcesBuildPhase;
			buildActionMask = 2147483647;
			files = (
				87A6A7CB288DD5FA00567312 /* ViewController.swift in Sources */,
				87A6A7C7288DD5FA00567312 /* AppDelegate.swift in Sources */,
				87A6A7C9288DD5FA00567312 /* SceneDelegate.swift in Sources */,
				87BE3687288DE7C20083B40A /* SettingsViewController.swift in Sources */,
			);
			runOnlyForDeploymentPostprocessing = 0;
		};
		87A6A7D5288DD5FB00567312 /* Sources */ = {
			isa = PBXSourcesBuildPhase;
			buildActionMask = 2147483647;
			files = (
				87A6A7DE288DD5FB00567312 /* preworkTests.swift in Sources */,
			);
			runOnlyForDeploymentPostprocessing = 0;
		};
		87A6A7DF288DD5FB00567312 /* Sources */ = {
			isa = PBXSourcesBuildPhase;
			buildActionMask = 2147483647;
			files = (
				87A6A7E8288DD5FB00567312 /* preworkUITests.swift in Sources */,
				87A6A7EA288DD5FB00567312 /* preworkUITestsLaunchTests.swift in Sources */,
			);
			runOnlyForDeploymentPostprocessing = 0;
		};
/* End PBXSourcesBuildPhase section */

/* Begin PBXTargetDependency section */
		87A6A7DB288DD5FB00567312 /* PBXTargetDependency */ = {
			isa = PBXTargetDependency;
			target = 87A6A7C2288DD5FA00567312 /* prework */;
			targetProxy = 87A6A7DA288DD5FB00567312 /* PBXContainerItemProxy */;
		};
		87A6A7E5288DD5FB00567312 /* PBXTargetDependency */ = {
			isa = PBXTargetDependency;
			target = 87A6A7C2288DD5FA00567312 /* prework */;
			targetProxy = 87A6A7E4288DD5FB00567312 /* PBXContainerItemProxy */;
		};
/* End PBXTargetDependency section */

/* Begin PBXVariantGroup section */
		87A6A7CC288DD5FA00567312 /* Main.storyboard */ = {
			isa = PBXVariantGroup;
			children = (
				87A6A7CD288DD5FA00567312 /* Base */,
			);
			name = Main.storyboard;
			sourceTree = "<group>";
		};
		87A6A7D1288DD5FB00567312 /* LaunchScreen.storyboard */ = {
			isa = PBXVariantGroup;
			children = (
				87A6A7D2288DD5FB00567312 /* Base */,
			);
			name = LaunchScreen.storyboard;
			sourceTree = "<group>";
		};
/* End PBXVariantGroup section */

/* Begin XCBuildConfiguration section */
		87A6A7EB288DD5FB00567312 /* Debug */ = {
			isa = XCBuildConfiguration;
			buildSettings = {
				ALWAYS_SEARCH_USER_PATHS = NO;
				CLANG_ANALYZER_NONNULL = YES;
				CLANG_ANALYZER_NUMBER_OBJECT_CONVERSION = YES_AGGRESSIVE;
				CLANG_CXX_LANGUAGE_STANDARD = "gnu++17";
				CLANG_ENABLE_MODULES = YES;
				CLANG_ENABLE_OBJC_ARC = YES;
				CLANG_ENABLE_OBJC_WEAK = YES;
				CLANG_WARN_BLOCK_CAPTURE_AUTORELEASING = YES;
				CLANG_WARN_BOOL_CONVERSION = YES;
				CLANG_WARN_COMMA = YES;
				CLANG_WARN_CONSTANT_CONVERSION = YES;
				CLANG_WARN_DEPRECATED_OBJC_IMPLEMENTATIONS = YES;
				CLANG_WARN_DIRECT_OBJC_ISA_USAGE = YES_ERROR;
				CLANG_WARN_DOCUMENTATION_COMMENTS = YES;
				CLANG_WARN_EMPTY_BODY = YES;
				CLANG_WARN_ENUM_CONVERSION = YES;
				CLANG_WARN_INFINITE_RECURSION = YES;
				CLANG_WARN_INT_CONVERSION = YES;
				CLANG_WARN_NON_LITERAL_NULL_CONVERSION = YES;
				CLANG_WARN_OBJC_IMPLICIT_RETAIN_SELF = YES;
				CLANG_WARN_OBJC_LITERAL_CONVERSION = YES;
				CLANG_WARN_OBJC_ROOT_CLASS = YES_ERROR;
				CLANG_WARN_QUOTED_INCLUDE_IN_FRAMEWORK_HEADER = YES;
				CLANG_WARN_RANGE_LOOP_ANALYSIS = YES;
				CLANG_WARN_STRICT_PROTOTYPES = YES;
				CLANG_WARN_SUSPICIOUS_MOVE = YES;
				CLANG_WARN_UNGUARDED_AVAILABILITY = YES_AGGRESSIVE;
				CLANG_WARN_UNREACHABLE_CODE = YES;
				CLANG_WARN__DUPLICATE_METHOD_MATCH = YES;
				COPY_PHASE_STRIP = NO;
				DEBUG_INFORMATION_FORMAT = dwarf;
				ENABLE_STRICT_OBJC_MSGSEND = YES;
				ENABLE_TESTABILITY = YES;
				GCC_C_LANGUAGE_STANDARD = gnu11;
				GCC_DYNAMIC_NO_PIC = NO;
				GCC_NO_COMMON_BLOCKS = YES;
				GCC_OPTIMIZATION_LEVEL = 0;
				GCC_PREPROCESSOR_DEFINITIONS = (
					"DEBUG=1",
					"$(inherited)",
				);
				GCC_WARN_64_TO_32_BIT_CONVERSION = YES;
				GCC_WARN_ABOUT_RETURN_TYPE = YES_ERROR;
				GCC_WARN_UNDECLARED_SELECTOR = YES;
				GCC_WARN_UNINITIALIZED_AUTOS = YES_AGGRESSIVE;
				GCC_WARN_UNUSED_FUNCTION = YES;
				GCC_WARN_UNUSED_VARIABLE = YES;
				IPHONEOS_DEPLOYMENT_TARGET = 15.5;
				MTL_ENABLE_DEBUG_INFO = INCLUDE_SOURCE;
				MTL_FAST_MATH = YES;
				ONLY_ACTIVE_ARCH = YES;
				SDKROOT = iphoneos;
				SWIFT_ACTIVE_COMPILATION_CONDITIONS = DEBUG;
				SWIFT_OPTIMIZATION_LEVEL = "-Onone";
			};
			name = Debug;
		};
		87A6A7EC288DD5FB00567312 /* Release */ = {
			isa = XCBuildConfiguration;
			buildSettings = {
				ALWAYS_SEARCH_USER_PATHS = NO;
				CLANG_ANALYZER_NONNULL = YES;
				CLANG_ANALYZER_NUMBER_OBJECT_CONVERSION = YES_AGGRESSIVE;
				CLANG_CXX_LANGUAGE_STANDARD = "gnu++17";
				CLANG_ENABLE_MODULES = YES;
				CLANG_ENABLE_OBJC_ARC = YES;
				CLANG_ENABLE_OBJC_WEAK = YES;
				CLANG_WARN_BLOCK_CAPTURE_AUTORELEASING = YES;
				CLANG_WARN_BOOL_CONVERSION = YES;
				CLANG_WARN_COMMA = YES;
				CLANG_WARN_CONSTANT_CONVERSION = YES;
				CLANG_WARN_DEPRECATED_OBJC_IMPLEMENTATIONS = YES;
				CLANG_WARN_DIRECT_OBJC_ISA_USAGE = YES_ERROR;
				CLANG_WARN_DOCUMENTATION_COMMENTS = YES;
				CLANG_WARN_EMPTY_BODY = YES;
				CLANG_WARN_ENUM_CONVERSION = YES;
				CLANG_WARN_INFINITE_RECURSION = YES;
				CLANG_WARN_INT_CONVERSION = YES;
				CLANG_WARN_NON_LITERAL_NULL_CONVERSION = YES;
				CLANG_WARN_OBJC_IMPLICIT_RETAIN_SELF = YES;
				CLANG_WARN_OBJC_LITERAL_CONVERSION = YES;
				CLANG_WARN_OBJC_ROOT_CLASS = YES_ERROR;
				CLANG_WARN_QUOTED_INCLUDE_IN_FRAMEWORK_HEADER = YES;
				CLANG_WARN_RANGE_LOOP_ANALYSIS = YES;
				CLANG_WARN_STRICT_PROTOTYPES = YES;
				CLANG_WARN_SUSPICIOUS_MOVE = YES;
				CLANG_WARN_UNGUARDED_AVAILABILITY = YES_AGGRESSIVE;
				CLANG_WARN_UNREACHABLE_CODE = YES;
				CLANG_WARN__DUPLICATE_METHOD_MATCH = YES;
				COPY_PHASE_STRIP = NO;
				DEBUG_INFORMATION_FORMAT = "dwarf-with-dsym";
				ENABLE_NS_ASSERTIONS = NO;
				ENABLE_STRICT_OBJC_MSGSEND = YES;
				GCC_C_LANGUAGE_STANDARD = gnu11;
				GCC_NO_COMMON_BLOCKS = YES;
				GCC_WARN_64_TO_32_BIT_CONVERSION = YES;
				GCC_WARN_ABOUT_RETURN_TYPE = YES_ERROR;
				GCC_WARN_UNDECLARED_SELECTOR = YES;
				GCC_WARN_UNINITIALIZED_AUTOS = YES_AGGRESSIVE;
				GCC_WARN_UNUSED_FUNCTION = YES;
				GCC_WARN_UNUSED_VARIABLE = YES;
				IPHONEOS_DEPLOYMENT_TARGET = 15.5;
				MTL_ENABLE_DEBUG_INFO = NO;
				MTL_FAST_MATH = YES;
				SDKROOT = iphoneos;
				SWIFT_COMPILATION_MODE = wholemodule;
				SWIFT_OPTIMIZATION_LEVEL = "-O";
				VALIDATE_PRODUCT = YES;
			};
			name = Release;
		};
		87A6A7EE288DD5FB00567312 /* Debug */ = {
			isa = XCBuildConfiguration;
			buildSettings = {
				ASSETCATALOG_COMPILER_APPICON_NAME = AppIcon;
				ASSETCATALOG_COMPILER_GLOBAL_ACCENT_COLOR_NAME = AccentColor;
				CODE_SIGN_STYLE = Automatic;
				CURRENT_PROJECT_VERSION = 1;
				GENERATE_INFOPLIST_FILE = YES;
				INFOPLIST_FILE = prework/Info.plist;
				INFOPLIST_KEY_UIApplicationSupportsIndirectInputEvents = YES;
				INFOPLIST_KEY_UILaunchStoryboardName = LaunchScreen;
				INFOPLIST_KEY_UIMainStoryboardFile = Main;
				INFOPLIST_KEY_UISupportedInterfaceOrientations_iPad = "UIInterfaceOrientationPortrait UIInterfaceOrientationPortraitUpsideDown UIInterfaceOrientationLandscapeLeft UIInterfaceOrientationLandscapeRight";
				INFOPLIST_KEY_UISupportedInterfaceOrientations_iPhone = "UIInterfaceOrientationPortrait UIInterfaceOrientationLandscapeLeft UIInterfaceOrientationLandscapeRight";
				LD_RUNPATH_SEARCH_PATHS = (
					"$(inherited)",
					"@executable_path/Frameworks",
				);
				MARKETING_VERSION = 1.0;
				PRODUCT_BUNDLE_IDENTIFIER = memo.com.prework;
				PRODUCT_NAME = "$(TARGET_NAME)";
				SWIFT_EMIT_LOC_STRINGS = YES;
				SWIFT_VERSION = 5.0;
				TARGETED_DEVICE_FAMILY = "1,2";
			};
			name = Debug;
		};
		87A6A7EF288DD5FB00567312 /* Release */ = {
			isa = XCBuildConfiguration;
			buildSettings = {
				ASSETCATALOG_COMPILER_APPICON_NAME = AppIcon;
				ASSETCATALOG_COMPILER_GLOBAL_ACCENT_COLOR_NAME = AccentColor;
				CODE_SIGN_STYLE = Automatic;
				CURRENT_PROJECT_VERSION = 1;
				GENERATE_INFOPLIST_FILE = YES;
				INFOPLIST_FILE = prework/Info.plist;
				INFOPLIST_KEY_UIApplicationSupportsIndirectInputEvents = YES;
				INFOPLIST_KEY_UILaunchStoryboardName = LaunchScreen;
				INFOPLIST_KEY_UIMainStoryboardFile = Main;
				INFOPLIST_KEY_UISupportedInterfaceOrientations_iPad = "UIInterfaceOrientationPortrait UIInterfaceOrientationPortraitUpsideDown UIInterfaceOrientationLandscapeLeft UIInterfaceOrientationLandscapeRight";
				INFOPLIST_KEY_UISupportedInterfaceOrientations_iPhone = "UIInterfaceOrientationPortrait UIInterfaceOrientationLandscapeLeft UIInterfaceOrientationLandscapeRight";
				LD_RUNPATH_SEARCH_PATHS = (
					"$(inherited)",
					"@executable_path/Frameworks",
				);
				MARKETING_VERSION = 1.0;
				PRODUCT_BUNDLE_IDENTIFIER = memo.com.prework;
				PRODUCT_NAME = "$(TARGET_NAME)";
				SWIFT_EMIT_LOC_STRINGS = YES;
				SWIFT_VERSION = 5.0;
				TARGETED_DEVICE_FAMILY = "1,2";
			};
			name = Release;
		};
		87A6A7F1288DD5FB00567312 /* Debug */ = {
			isa = XCBuildConfiguration;
			buildSettings = {
				ALWAYS_EMBED_SWIFT_STANDARD_LIBRARIES = YES;
				BUNDLE_LOADER = "$(TEST_HOST)";
				CODE_SIGN_STYLE = Automatic;
				CURRENT_PROJECT_VERSION = 1;
				GENERATE_INFOPLIST_FILE = YES;
				IPHONEOS_DEPLOYMENT_TARGET = 15.5;
				MARKETING_VERSION = 1.0;
				PRODUCT_BUNDLE_IDENTIFIER = memo.com.preworkTests;
				PRODUCT_NAME = "$(TARGET_NAME)";
				SWIFT_EMIT_LOC_STRINGS = NO;
				SWIFT_VERSION = 5.0;
				TARGETED_DEVICE_FAMILY = "1,2";
				TEST_HOST = "$(BUILT_PRODUCTS_DIR)/prework.app/prework";
			};
			name = Debug;
		};
		87A6A7F2288DD5FB00567312 /* Release */ = {
			isa = XCBuildConfiguration;
			buildSettings = {
				ALWAYS_EMBED_SWIFT_STANDARD_LIBRARIES = YES;
				BUNDLE_LOADER = "$(TEST_HOST)";
				CODE_SIGN_STYLE = Automatic;
				CURRENT_PROJECT_VERSION = 1;
				GENERATE_INFOPLIST_FILE = YES;
				IPHONEOS_DEPLOYMENT_TARGET = 15.5;
				MARKETING_VERSION = 1.0;
				PRODUCT_BUNDLE_IDENTIFIER = memo.com.preworkTests;
				PRODUCT_NAME = "$(TARGET_NAME)";
				SWIFT_EMIT_LOC_STRINGS = NO;
				SWIFT_VERSION = 5.0;
				TARGETED_DEVICE_FAMILY = "1,2";
				TEST_HOST = "$(BUILT_PRODUCTS_DIR)/prework.app/prework";
			};
			name = Release;
		};
		87A6A7F4288DD5FB00567312 /* Debug */ = {
			isa = XCBuildConfiguration;
			buildSettings = {
				ALWAYS_EMBED_SWIFT_STANDARD_LIBRARIES = YES;
				CODE_SIGN_STYLE = Automatic;
				CURRENT_PROJECT_VERSION = 1;
				GENERATE_INFOPLIST_FILE = YES;
				MARKETING_VERSION = 1.0;
				PRODUCT_BUNDLE_IDENTIFIER = memo.com.preworkUITests;
				PRODUCT_NAME = "$(TARGET_NAME)";
				SWIFT_EMIT_LOC_STRINGS = NO;
				SWIFT_VERSION = 5.0;
				TARGETED_DEVICE_FAMILY = "1,2";
				TEST_TARGET_NAME = prework;
			};
			name = Debug;
		};
		87A6A7F5288DD5FB00567312 /* Release */ = {
			isa = XCBuildConfiguration;
			buildSettings = {
				ALWAYS_EMBED_SWIFT_STANDARD_LIBRARIES = YES;
				CODE_SIGN_STYLE = Automatic;
				CURRENT_PROJECT_VERSION = 1;
				GENERATE_INFOPLIST_FILE = YES;
				MARKETING_VERSION = 1.0;
				PRODUCT_BUNDLE_IDENTIFIER = memo.com.preworkUITests;
				PRODUCT_NAME = "$(TARGET_NAME)";
				SWIFT_EMIT_LOC_STRINGS = NO;
				SWIFT_VERSION = 5.0;
				TARGETED_DEVICE_FAMILY = "1,2";
				TEST_TARGET_NAME = prework;
			};
			name = Release;
		};
/* End XCBuildConfiguration section */

/* Begin XCConfigurationList section */
		87A6A7BE288DD5FA00567312 /* Build configuration list for PBXProject "prework" */ = {
			isa = XCConfigurationList;
			buildConfigurations = (
				87A6A7EB288DD5FB00567312 /* Debug */,
				87A6A7EC288DD5FB00567312 /* Release */,
			);
			defaultConfigurationIsVisible = 0;
			defaultConfigurationName = Release;
		};
		87A6A7ED288DD5FB00567312 /* Build configuration list for PBXNativeTarget "prework" */ = {
			isa = XCConfigurationList;
			buildConfigurations = (
				87A6A7EE288DD5FB00567312 /* Debug */,
				87A6A7EF288DD5FB00567312 /* Release */,
			);
			defaultConfigurationIsVisible = 0;
			defaultConfigurationName = Release;
		};
		87A6A7F0288DD5FB00567312 /* Build configuration list for PBXNativeTarget "preworkTests" */ = {
			isa = XCConfigurationList;
			buildConfigurations = (
				87A6A7F1288DD5FB00567312 /* Debug */,
				87A6A7F2288DD5FB00567312 /* Release */,
			);
			defaultConfigurationIsVisible = 0;
			defaultConfigurationName = Release;
		};
		87A6A7F3288DD5FB00567312 /* Build configuration list for PBXNativeTarget "preworkUITests" */ = {
			isa = XCConfigurationList;
			buildConfigurations = (
				87A6A7F4288DD5FB00567312 /* Debug */,
				87A6A7F5288DD5FB00567312 /* Release */,
			);
			defaultConfigurationIsVisible = 0;
			defaultConfigurationName = Release;
		};
/* End XCConfigurationList section */
	};
	rootObject = 87A6A7BB288DD5FA00567312 /* Project object */;
}
